
Microsoft Visual Studio Solution File, Format Version 12.00
# Visual Studio Version 17
VisualStudioVersion = 17.11.35208.52
MinimumVisualStudioVersion = 10.0.40219.1
Project("{FAE04EC0-301F-11D3-BF4B-00C04F79EFBC}") = "TodoApi", "TodoApi\TodoApi.csproj", "{AB45C666-9879-4D51-94B2-184BBE236431}"
EndProject
Global
	GlobalSection(SolutionConfigurationPlatforms) = preSolution
		Debug|Any CPU = Debug|Any CPU
		Release|Any CPU = Release|Any CPU
	EndGlobalSection
	GlobalSection(ProjectConfigurationPlatforms) = postSolution
		{AB45C666-9879-4D51-94B2-184BBE236431}.Debug|Any CPU.ActiveCfg = Debug|Any CPU
		{AB45C666-9879-4D51-94B2-184BBE236431}.Debug|Any CPU.Build.0 = Debug|Any CPU
		{AB45C666-9879-4D51-94B2-184BBE236431}.Release|Any CPU.ActiveCfg = Release|Any CPU
		{AB45C666-9879-4D51-94B2-184BBE236431}.Release|Any CPU.Build.0 = Release|Any CPU
	EndGlobalSection
	GlobalSection(SolutionProperties) = preSolution
		HideSolutionNode = FALSE
	EndGlobalSection
	GlobalSection(ExtensibilityGlobals) = postSolution
		SolutionGuid = {6421F5B1-4A20-44F6-A25B-170F71E42DE3}
	EndGlobalSection
EndGlobal
